// !$*UTF8*$!
{
	archiveVersion = 1;
	classes = {
	};
	objectVersion = 46;
	objects = {

/* Begin PBXBuildFile section */
		054D1007884D9DAC874C1A6D /* Pods_gameofchatsUITests.framework in Frameworks */ = {isa = PBXBuildFile; fileRef = 37710347C11C236634459558 /* Pods_gameofchatsUITests.framework */; };
		1CB74671C7EC1E2477685FAF /* Pods_gameofchatsTests.framework in Frameworks */ = {isa = PBXBuildFile; fileRef = 90445A7A65BFBE80FB20FD1C /* Pods_gameofchatsTests.framework */; };
		416C79361FBEE7BB004E5B48 /* UserCell.swift in Sources */ = {isa = PBXBuildFile; fileRef = 416C79351FBEE7BB004E5B48 /* UserCell.swift */; };
		416C79381FBF46F2004E5B48 /* ChatMessageCell.swift in Sources */ = {isa = PBXBuildFile; fileRef = 416C79371FBF46F2004E5B48 /* ChatMessageCell.swift */; };
		41A4B8781EBCB9FF00BDBC3C /* MessagesController.swift in Sources */ = {isa = PBXBuildFile; fileRef = 41A4B8771EBCB9FF00BDBC3C /* MessagesController.swift */; };
		41A4B87B1EBCB9FF00BDBC3C /* Main.storyboard in Resources */ = {isa = PBXBuildFile; fileRef = 41A4B8791EBCB9FF00BDBC3C /* Main.storyboard */; };
		41A4B87D1EBCB9FF00BDBC3C /* Assets.xcassets in Resources */ = {isa = PBXBuildFile; fileRef = 41A4B87C1EBCB9FF00BDBC3C /* Assets.xcassets */; };
		41A4B8801EBCB9FF00BDBC3C /* LaunchScreen.storyboard in Resources */ = {isa = PBXBuildFile; fileRef = 41A4B87E1EBCB9FF00BDBC3C /* LaunchScreen.storyboard */; };
		41A4B88B1EBCB9FF00BDBC3C /* gameofchatsTests.swift in Sources */ = {isa = PBXBuildFile; fileRef = 41A4B88A1EBCB9FF00BDBC3C /* gameofchatsTests.swift */; };
		41A4B8961EBCB9FF00BDBC3C /* gameofchatsUITests.swift in Sources */ = {isa = PBXBuildFile; fileRef = 41A4B8951EBCB9FF00BDBC3C /* gameofchatsUITests.swift */; };
		41A4B8A51EBCBE4D00BDBC3C /* LoginController.swift in Sources */ = {isa = PBXBuildFile; fileRef = 41A4B8A41EBCBE4D00BDBC3C /* LoginController.swift */; };
		41A4B8A71EBDB88500BDBC3C /* GoogleService-Info.plist in Resources */ = {isa = PBXBuildFile; fileRef = 41A4B8A61EBDB88500BDBC3C /* GoogleService-Info.plist */; };
		41A8C5D81EC0DC9E0052499B /* LoginController+handlers.swift in Sources */ = {isa = PBXBuildFile; fileRef = 41A8C5D71EC0DC9E0052499B /* LoginController+handlers.swift */; };
		41BD88EB1FB4F26200F8ABD6 /* Extentions.swift in Sources */ = {isa = PBXBuildFile; fileRef = 41BD88EA1FB4F26200F8ABD6 /* Extentions.swift */; };
		41C862CA1EC2157F00FB9C03 /* AppDelegate.swift in Sources */ = {isa = PBXBuildFile; fileRef = 41A4B8751EBCB9FF00BDBC3C /* AppDelegate.swift */; };
		41D3A62D1EC0AE7300D6EDE6 /* NewMessageController.swift in Sources */ = {isa = PBXBuildFile; fileRef = 41D3A62C1EC0AE7300D6EDE6 /* NewMessageController.swift */; };
		41D3A6301EC0B95000D6EDE6 /* User.swift in Sources */ = {isa = PBXBuildFile; fileRef = 41D3A62F1EC0B95000D6EDE6 /* User.swift */; };
		41D99C001FB8F2E3007BEA2A /* ChatLogController.swift in Sources */ = {isa = PBXBuildFile; fileRef = 41D99BFF1FB8F2E3007BEA2A /* ChatLogController.swift */; };
		41E6F8081FBECDC60084F2C8 /* Message.swift in Sources */ = {isa = PBXBuildFile; fileRef = 41E6F8071FBECDC60084F2C8 /* Message.swift */; };
		A6A81ADD1AC266153AC1F572 /* Pods_gameofchats.framework in Frameworks */ = {isa = PBXBuildFile; fileRef = 12143FC0E02DA1CC127EE521 /* Pods_gameofchats.framework */; };
/* End PBXBuildFile section */

/* Begin PBXContainerItemProxy section */
		41A4B8871EBCB9FF00BDBC3C /* PBXContainerItemProxy */ = {
			isa = PBXContainerItemProxy;
			containerPortal = 41A4B86A1EBCB9FF00BDBC3C /* Project object */;
			proxyType = 1;
			remoteGlobalIDString = 41A4B8711EBCB9FF00BDBC3C;
			remoteInfo = gameofchats;
		};
		41A4B8921EBCB9FF00BDBC3C /* PBXContainerItemProxy */ = {
			isa = PBXContainerItemProxy;
			containerPortal = 41A4B86A1EBCB9FF00BDBC3C /* Project object */;
			proxyType = 1;
			remoteGlobalIDString = 41A4B8711EBCB9FF00BDBC3C;
			remoteInfo = gameofchats;
		};
/* End PBXContainerItemProxy section */

/* Begin PBXFileReference section */
		12143FC0E02DA1CC127EE521 /* Pods_gameofchats.framework */ = {isa = PBXFileReference; explicitFileType = wrapper.framework; includeInIndex = 0; path = Pods_gameofchats.framework; sourceTree = BUILT_PRODUCTS_DIR; };
		27F0B9242204D0D758F17F16 /* Pods-gameofchats.release.xcconfig */ = {isa = PBXFileReference; includeInIndex = 1; lastKnownFileType = text.xcconfig; name = "Pods-gameofchats.release.xcconfig"; path = "Pods/Target Support Files/Pods-gameofchats/Pods-gameofchats.release.xcconfig"; sourceTree = "<group>"; };
		37710347C11C236634459558 /* Pods_gameofchatsUITests.framework */ = {isa = PBXFileReference; explicitFileType = wrapper.framework; includeInIndex = 0; path = Pods_gameofchatsUITests.framework; sourceTree = BUILT_PRODUCTS_DIR; };
		416C79351FBEE7BB004E5B48 /* UserCell.swift */ = {isa = PBXFileReference; lastKnownFileType = sourcecode.swift; path = UserCell.swift; sourceTree = "<group>"; };
		416C79371FBF46F2004E5B48 /* ChatMessageCell.swift */ = {isa = PBXFileReference; lastKnownFileType = sourcecode.swift; path = ChatMessageCell.swift; sourceTree = "<group>"; };
		41A4B8721EBCB9FF00BDBC3C /* gameofchats.app */ = {isa = PBXFileReference; explicitFileType = wrapper.application; includeInIndex = 0; path = gameofchats.app; sourceTree = BUILT_PRODUCTS_DIR; };
		41A4B8751EBCB9FF00BDBC3C /* AppDelegate.swift */ = {isa = PBXFileReference; lastKnownFileType = sourcecode.swift; path = AppDelegate.swift; sourceTree = "<group>"; };
		41A4B8771EBCB9FF00BDBC3C /* MessagesController.swift */ = {isa = PBXFileReference; lastKnownFileType = sourcecode.swift; path = MessagesController.swift; sourceTree = "<group>"; };
		41A4B87A1EBCB9FF00BDBC3C /* Base */ = {isa = PBXFileReference; lastKnownFileType = file.storyboard; name = Base; path = Base.lproj/Main.storyboard; sourceTree = "<group>"; };
		41A4B87C1EBCB9FF00BDBC3C /* Assets.xcassets */ = {isa = PBXFileReference; lastKnownFileType = folder.assetcatalog; path = Assets.xcassets; sourceTree = "<group>"; };
		41A4B87F1EBCB9FF00BDBC3C /* Base */ = {isa = PBXFileReference; lastKnownFileType = file.storyboard; name = Base; path = Base.lproj/LaunchScreen.storyboard; sourceTree = "<group>"; };
		41A4B8811EBCB9FF00BDBC3C /* Info.plist */ = {isa = PBXFileReference; lastKnownFileType = text.plist.xml; path = Info.plist; sourceTree = "<group>"; };
		41A4B8861EBCB9FF00BDBC3C /* gameofchatsTests.xctest */ = {isa = PBXFileReference; explicitFileType = wrapper.cfbundle; includeInIndex = 0; path = gameofchatsTests.xctest; sourceTree = BUILT_PRODUCTS_DIR; };
		41A4B88A1EBCB9FF00BDBC3C /* gameofchatsTests.swift */ = {isa = PBXFileReference; lastKnownFileType = sourcecode.swift; path = gameofchatsTests.swift; sourceTree = "<group>"; };
		41A4B88C1EBCB9FF00BDBC3C /* Info.plist */ = {isa = PBXFileReference; lastKnownFileType = text.plist.xml; path = Info.plist; sourceTree = "<group>"; };
		41A4B8911EBCB9FF00BDBC3C /* gameofchatsUITests.xctest */ = {isa = PBXFileReference; explicitFileType = wrapper.cfbundle; includeInIndex = 0; path = gameofchatsUITests.xctest; sourceTree = BUILT_PRODUCTS_DIR; };
		41A4B8951EBCB9FF00BDBC3C /* gameofchatsUITests.swift */ = {isa = PBXFileReference; lastKnownFileType = sourcecode.swift; path = gameofchatsUITests.swift; sourceTree = "<group>"; };
		41A4B8971EBCB9FF00BDBC3C /* Info.plist */ = {isa = PBXFileReference; lastKnownFileType = text.plist.xml; path = Info.plist; sourceTree = "<group>"; };
		41A4B8A41EBCBE4D00BDBC3C /* LoginController.swift */ = {isa = PBXFileReference; fileEncoding = 4; lastKnownFileType = sourcecode.swift; path = LoginController.swift; sourceTree = "<group>"; };
		41A4B8A61EBDB88500BDBC3C /* GoogleService-Info.plist */ = {isa = PBXFileReference; fileEncoding = 4; lastKnownFileType = text.plist.xml; path = "GoogleService-Info.plist"; sourceTree = "<group>"; };
		41A8C5D71EC0DC9E0052499B /* LoginController+handlers.swift */ = {isa = PBXFileReference; fileEncoding = 4; lastKnownFileType = sourcecode.swift; path = "LoginController+handlers.swift"; sourceTree = "<group>"; };
		41BD88EA1FB4F26200F8ABD6 /* Extentions.swift */ = {isa = PBXFileReference; lastKnownFileType = sourcecode.swift; path = Extentions.swift; sourceTree = "<group>"; };
		41D3A62C1EC0AE7300D6EDE6 /* NewMessageController.swift */ = {isa = PBXFileReference; fileEncoding = 4; lastKnownFileType = sourcecode.swift; path = NewMessageController.swift; sourceTree = "<group>"; };
		41D3A62F1EC0B95000D6EDE6 /* User.swift */ = {isa = PBXFileReference; fileEncoding = 4; lastKnownFileType = sourcecode.swift; path = User.swift; sourceTree = "<group>"; };
		41D99BFF1FB8F2E3007BEA2A /* ChatLogController.swift */ = {isa = PBXFileReference; lastKnownFileType = sourcecode.swift; path = ChatLogController.swift; sourceTree = "<group>"; };
		41E6F8071FBECDC60084F2C8 /* Message.swift */ = {isa = PBXFileReference; lastKnownFileType = sourcecode.swift; path = Message.swift; sourceTree = "<group>"; };
		70B2141347F84E5D0CD2C01C /* Pods-gameofchatsTests.debug.xcconfig */ = {isa = PBXFileReference; includeInIndex = 1; lastKnownFileType = text.xcconfig; name = "Pods-gameofchatsTests.debug.xcconfig"; path = "Pods/Target Support Files/Pods-gameofchatsTests/Pods-gameofchatsTests.debug.xcconfig"; sourceTree = "<group>"; };
		714925379771DA4FEBAF12AB /* Pods-gameofchatsUITests.debug.xcconfig */ = {isa = PBXFileReference; includeInIndex = 1; lastKnownFileType = text.xcconfig; name = "Pods-gameofchatsUITests.debug.xcconfig"; path = "Pods/Target Support Files/Pods-gameofchatsUITests/Pods-gameofchatsUITests.debug.xcconfig"; sourceTree = "<group>"; };
		86FE97A99A526A0B88454A44 /* Pods-gameofchatsTests.release.xcconfig */ = {isa = PBXFileReference; includeInIndex = 1; lastKnownFileType = text.xcconfig; name = "Pods-gameofchatsTests.release.xcconfig"; path = "Pods/Target Support Files/Pods-gameofchatsTests/Pods-gameofchatsTests.release.xcconfig"; sourceTree = "<group>"; };
		90445A7A65BFBE80FB20FD1C /* Pods_gameofchatsTests.framework */ = {isa = PBXFileReference; explicitFileType = wrapper.framework; includeInIndex = 0; path = Pods_gameofchatsTests.framework; sourceTree = BUILT_PRODUCTS_DIR; };
		E9BA07A9B0D82BCAD94444E0 /* Pods-gameofchatsUITests.release.xcconfig */ = {isa = PBXFileReference; includeInIndex = 1; lastKnownFileType = text.xcconfig; name = "Pods-gameofchatsUITests.release.xcconfig"; path = "Pods/Target Support Files/Pods-gameofchatsUITests/Pods-gameofchatsUITests.release.xcconfig"; sourceTree = "<group>"; };
		FE18A3AB6703C1D6FEC5D9C9 /* Pods-gameofchats.debug.xcconfig */ = {isa = PBXFileReference; includeInIndex = 1; lastKnownFileType = text.xcconfig; name = "Pods-gameofchats.debug.xcconfig"; path = "Pods/Target Support Files/Pods-gameofchats/Pods-gameofchats.debug.xcconfig"; sourceTree = "<group>"; };
/* End PBXFileReference section */

/* Begin PBXFrameworksBuildPhase section */
		41A4B86F1EBCB9FF00BDBC3C /* Frameworks */ = {
			isa = PBXFrameworksBuildPhase;
			buildActionMask = 2147483647;
			files = (
				A6A81ADD1AC266153AC1F572 /* Pods_gameofchats.framework in Frameworks */,
			);
			runOnlyForDeploymentPostprocessing = 0;
		};
		41A4B8831EBCB9FF00BDBC3C /* Frameworks */ = {
			isa = PBXFrameworksBuildPhase;
			buildActionMask = 2147483647;
			files = (
				1CB74671C7EC1E2477685FAF /* Pods_gameofchatsTests.framework in Frameworks */,
			);
			runOnlyForDeploymentPostprocessing = 0;
		};
		41A4B88E1EBCB9FF00BDBC3C /* Frameworks */ = {
			isa = PBXFrameworksBuildPhase;
			buildActionMask = 2147483647;
			files = (
				054D1007884D9DAC874C1A6D /* Pods_gameofchatsUITests.framework in Frameworks */,
			);
			runOnlyForDeploymentPostprocessing = 0;
		};
/* End PBXFrameworksBuildPhase section */

/* Begin PBXGroup section */
		34449D9DA8C7926AF55EFE5B /* Frameworks */ = {
			isa = PBXGroup;
			children = (
				12143FC0E02DA1CC127EE521 /* Pods_gameofchats.framework */,
				90445A7A65BFBE80FB20FD1C /* Pods_gameofchatsTests.framework */,
				37710347C11C236634459558 /* Pods_gameofchatsUITests.framework */,
			);
			name = Frameworks;
			sourceTree = "<group>";
		};
		416C79341FBEE791004E5B48 /* View */ = {
			isa = PBXGroup;
			children = (
				416C79351FBEE7BB004E5B48 /* UserCell.swift */,
				416C79371FBF46F2004E5B48 /* ChatMessageCell.swift */,
			);
			name = View;
			sourceTree = "<group>";
		};
		41A4B8691EBCB9FF00BDBC3C = {
			isa = PBXGroup;
			children = (
				41A4B8741EBCB9FF00BDBC3C /* gameofchats */,
				41A4B8891EBCB9FF00BDBC3C /* gameofchatsTests */,
				41A4B8941EBCB9FF00BDBC3C /* gameofchatsUITests */,
				41A4B8731EBCB9FF00BDBC3C /* Products */,
				D206ADA7B202001BA9C64AA1 /* Pods */,
				34449D9DA8C7926AF55EFE5B /* Frameworks */,
			);
			sourceTree = "<group>";
		};
		41A4B8731EBCB9FF00BDBC3C /* Products */ = {
			isa = PBXGroup;
			children = (
				41A4B8721EBCB9FF00BDBC3C /* gameofchats.app */,
				41A4B8861EBCB9FF00BDBC3C /* gameofchatsTests.xctest */,
				41A4B8911EBCB9FF00BDBC3C /* gameofchatsUITests.xctest */,
			);
			name = Products;
			sourceTree = "<group>";
		};
		41A4B8741EBCB9FF00BDBC3C /* gameofchats */ = {
			isa = PBXGroup;
			children = (
				416C79341FBEE791004E5B48 /* View */,
				41BD88E91FB4F24D00F8ABD6 /* Helpers */,
				41D3A62E1EC0B92800D6EDE6 /* Model */,
				41A4B8A31EBCBE0300BDBC3C /* Controller */,
				41A4B8751EBCB9FF00BDBC3C /* AppDelegate.swift */,
				41A4B8791EBCB9FF00BDBC3C /* Main.storyboard */,
				41A4B87C1EBCB9FF00BDBC3C /* Assets.xcassets */,
				41A4B87E1EBCB9FF00BDBC3C /* LaunchScreen.storyboard */,
				41A4B8811EBCB9FF00BDBC3C /* Info.plist */,
				41A4B8A61EBDB88500BDBC3C /* GoogleService-Info.plist */,
			);
			path = gameofchats;
			sourceTree = "<group>";
		};
		41A4B8891EBCB9FF00BDBC3C /* gameofchatsTests */ = {
			isa = PBXGroup;
			children = (
				41A4B88A1EBCB9FF00BDBC3C /* gameofchatsTests.swift */,
				41A4B88C1EBCB9FF00BDBC3C /* Info.plist */,
			);
			path = gameofchatsTests;
			sourceTree = "<group>";
		};
		41A4B8941EBCB9FF00BDBC3C /* gameofchatsUITests */ = {
			isa = PBXGroup;
			children = (
				41A4B8951EBCB9FF00BDBC3C /* gameofchatsUITests.swift */,
				41A4B8971EBCB9FF00BDBC3C /* Info.plist */,
			);
			path = gameofchatsUITests;
			sourceTree = "<group>";
		};
		41A4B8A31EBCBE0300BDBC3C /* Controller */ = {
			isa = PBXGroup;
			children = (
				41A4B8A41EBCBE4D00BDBC3C /* LoginController.swift */,
				41A4B8771EBCB9FF00BDBC3C /* MessagesController.swift */,
				41D3A62C1EC0AE7300D6EDE6 /* NewMessageController.swift */,
				41A8C5D71EC0DC9E0052499B /* LoginController+handlers.swift */,
				41D99BFF1FB8F2E3007BEA2A /* ChatLogController.swift */,
			);
			name = Controller;
			sourceTree = "<group>";
		};
		41BD88E91FB4F24D00F8ABD6 /* Helpers */ = {
			isa = PBXGroup;
			children = (
				41BD88EA1FB4F26200F8ABD6 /* Extentions.swift */,
			);
			name = Helpers;
			sourceTree = "<group>";
		};
		41D3A62E1EC0B92800D6EDE6 /* Model */ = {
			isa = PBXGroup;
			children = (
				41D3A62F1EC0B95000D6EDE6 /* User.swift */,
				41E6F8071FBECDC60084F2C8 /* Message.swift */,
			);
			name = Model;
			sourceTree = "<group>";
		};
		D206ADA7B202001BA9C64AA1 /* Pods */ = {
			isa = PBXGroup;
			children = (
				FE18A3AB6703C1D6FEC5D9C9 /* Pods-gameofchats.debug.xcconfig */,
				27F0B9242204D0D758F17F16 /* Pods-gameofchats.release.xcconfig */,
				70B2141347F84E5D0CD2C01C /* Pods-gameofchatsTests.debug.xcconfig */,
				86FE97A99A526A0B88454A44 /* Pods-gameofchatsTests.release.xcconfig */,
				714925379771DA4FEBAF12AB /* Pods-gameofchatsUITests.debug.xcconfig */,
				E9BA07A9B0D82BCAD94444E0 /* Pods-gameofchatsUITests.release.xcconfig */,
			);
			name = Pods;
			sourceTree = "<group>";
		};
/* End PBXGroup section */

/* Begin PBXNativeTarget section */
		41A4B8711EBCB9FF00BDBC3C /* gameofchats */ = {
			isa = PBXNativeTarget;
			buildConfigurationList = 41A4B89A1EBCB9FF00BDBC3C /* Build configuration list for PBXNativeTarget "gameofchats" */;
			buildPhases = (
				9C4DD6481B54E0D7C54192BB /* [CP] Check Pods Manifest.lock */,
				41A4B86E1EBCB9FF00BDBC3C /* Sources */,
				41A4B86F1EBCB9FF00BDBC3C /* Frameworks */,
				41A4B8701EBCB9FF00BDBC3C /* Resources */,
				14547B0770ED72FBA40B95A3 /* [CP] Embed Pods Frameworks */,
				A8B039A73502D837F81F315D /* [CP] Copy Pods Resources */,
			);
			buildRules = (
			);
			dependencies = (
			);
			name = gameofchats;
			productName = gameofchats;
			productReference = 41A4B8721EBCB9FF00BDBC3C /* gameofchats.app */;
			productType = "com.apple.product-type.application";
		};
		41A4B8851EBCB9FF00BDBC3C /* gameofchatsTests */ = {
			isa = PBXNativeTarget;
			buildConfigurationList = 41A4B89D1EBCB9FF00BDBC3C /* Build configuration list for PBXNativeTarget "gameofchatsTests" */;
			buildPhases = (
				B602FE8D88DE38BF341BA4EB /* [CP] Check Pods Manifest.lock */,
				41A4B8821EBCB9FF00BDBC3C /* Sources */,
				41A4B8831EBCB9FF00BDBC3C /* Frameworks */,
				41A4B8841EBCB9FF00BDBC3C /* Resources */,
				34382E82EB4BE29345CB76CF /* [CP] Embed Pods Frameworks */,
				52DC15E58D80C856DDCC0A23 /* [CP] Copy Pods Resources */,
			);
			buildRules = (
			);
			dependencies = (
				41A4B8881EBCB9FF00BDBC3C /* PBXTargetDependency */,
			);
			name = gameofchatsTests;
			productName = gameofchatsTests;
			productReference = 41A4B8861EBCB9FF00BDBC3C /* gameofchatsTests.xctest */;
			productType = "com.apple.product-type.bundle.unit-test";
		};
		41A4B8901EBCB9FF00BDBC3C /* gameofchatsUITests */ = {
			isa = PBXNativeTarget;
			buildConfigurationList = 41A4B8A01EBCB9FF00BDBC3C /* Build configuration list for PBXNativeTarget "gameofchatsUITests" */;
			buildPhases = (
				001BDDF27C263925923D8B78 /* [CP] Check Pods Manifest.lock */,
				41A4B88D1EBCB9FF00BDBC3C /* Sources */,
				41A4B88E1EBCB9FF00BDBC3C /* Frameworks */,
				41A4B88F1EBCB9FF00BDBC3C /* Resources */,
				5A18277A085FB636590EC41F /* [CP] Embed Pods Frameworks */,
				2EA699D06117BEE2AE557F75 /* [CP] Copy Pods Resources */,
			);
			buildRules = (
			);
			dependencies = (
				41A4B8931EBCB9FF00BDBC3C /* PBXTargetDependency */,
			);
			name = gameofchatsUITests;
			productName = gameofchatsUITests;
			productReference = 41A4B8911EBCB9FF00BDBC3C /* gameofchatsUITests.xctest */;
			productType = "com.apple.product-type.bundle.ui-testing";
		};
/* End PBXNativeTarget section */

/* Begin PBXProject section */
		41A4B86A1EBCB9FF00BDBC3C /* Project object */ = {
			isa = PBXProject;
			attributes = {
				LastSwiftUpdateCheck = 0830;
				LastUpgradeCheck = 0910;
				ORGANIZATIONNAME = "Денис Попов";
				TargetAttributes = {
					41A4B8711EBCB9FF00BDBC3C = {
						CreatedOnToolsVersion = 8.3.2;
						DevelopmentTeam = HC3DW36LFK;
						LastSwiftMigration = 0910;
						ProvisioningStyle = Automatic;
					};
					41A4B8851EBCB9FF00BDBC3C = {
						CreatedOnToolsVersion = 8.3.2;
						LastSwiftMigration = 0910;
						ProvisioningStyle = Automatic;
						TestTargetID = 41A4B8711EBCB9FF00BDBC3C;
					};
					41A4B8901EBCB9FF00BDBC3C = {
						CreatedOnToolsVersion = 8.3.2;
						LastSwiftMigration = 0910;
						ProvisioningStyle = Automatic;
						TestTargetID = 41A4B8711EBCB9FF00BDBC3C;
					};
				};
			};
			buildConfigurationList = 41A4B86D1EBCB9FF00BDBC3C /* Build configuration list for PBXProject "gameofchats" */;
			compatibilityVersion = "Xcode 3.2";
			developmentRegion = English;
			hasScannedForEncodings = 0;
			knownRegions = (
				en,
				Base,
			);
			mainGroup = 41A4B8691EBCB9FF00BDBC3C;
			productRefGroup = 41A4B8731EBCB9FF00BDBC3C /* Products */;
			projectDirPath = "";
			projectRoot = "";
			targets = (
				41A4B8711EBCB9FF00BDBC3C /* gameofchats */,
				41A4B8851EBCB9FF00BDBC3C /* gameofchatsTests */,
				41A4B8901EBCB9FF00BDBC3C /* gameofchatsUITests */,
			);
		};
/* End PBXProject section */

/* Begin PBXResourcesBuildPhase section */
		41A4B8701EBCB9FF00BDBC3C /* Resources */ = {
			isa = PBXResourcesBuildPhase;
			buildActionMask = 2147483647;
			files = (
				41A4B8801EBCB9FF00BDBC3C /* LaunchScreen.storyboard in Resources */,
				41A4B8A71EBDB88500BDBC3C /* GoogleService-Info.plist in Resources */,
				41A4B87D1EBCB9FF00BDBC3C /* Assets.xcassets in Resources */,
				41A4B87B1EBCB9FF00BDBC3C /* Main.storyboard in Resources */,
			);
			runOnlyForDeploymentPostprocessing = 0;
		};
		41A4B8841EBCB9FF00BDBC3C /* Resources */ = {
			isa = PBXResourcesBuildPhase;
			buildActionMask = 2147483647;
			files = (
			);
			runOnlyForDeploymentPostprocessing = 0;
		};
		41A4B88F1EBCB9FF00BDBC3C /* Resources */ = {
			isa = PBXResourcesBuildPhase;
			buildActionMask = 2147483647;
			files = (
			);
			runOnlyForDeploymentPostprocessing = 0;
		};
/* End PBXResourcesBuildPhase section */

/* Begin PBXShellScriptBuildPhase section */
		001BDDF27C263925923D8B78 /* [CP] Check Pods Manifest.lock */ = {
			isa = PBXShellScriptBuildPhase;
			buildActionMask = 2147483647;
			files = (
			);
			inputPaths = (
				"${PODS_PODFILE_DIR_PATH}/Podfile.lock",
				"${PODS_ROOT}/Manifest.lock",
			);
			name = "[CP] Check Pods Manifest.lock";
			outputPaths = (
				"$(DERIVED_FILE_DIR)/Pods-gameofchatsUITests-checkManifestLockResult.txt",
			);
			runOnlyForDeploymentPostprocessing = 0;
			shellPath = /bin/sh;
			shellScript = "diff \"${PODS_PODFILE_DIR_PATH}/Podfile.lock\" \"${PODS_ROOT}/Manifest.lock\" > /dev/null\nif [ $? != 0 ] ; then\n    # print error to STDERR\n    echo \"error: The sandbox is not in sync with the Podfile.lock. Run 'pod install' or update your CocoaPods installation.\" >&2\n    exit 1\nfi\n# This output is used by Xcode 'outputs' to avoid re-running this script phase.\necho \"SUCCESS\" > \"${SCRIPT_OUTPUT_FILE_0}\"\n";
			showEnvVarsInLog = 0;
		};
		14547B0770ED72FBA40B95A3 /* [CP] Embed Pods Frameworks */ = {
			isa = PBXShellScriptBuildPhase;
			buildActionMask = 2147483647;
			files = (
			);
			inputPaths = (
				"${SRCROOT}/Pods/Target Support Files/Pods-gameofchats/Pods-gameofchats-frameworks.sh",
				"${BUILT_PRODUCTS_DIR}/GTMSessionFetcher/GTMSessionFetcher.framework",
				"${BUILT_PRODUCTS_DIR}/GoogleToolboxForMac/GoogleToolboxForMac.framework",
				"${BUILT_PRODUCTS_DIR}/leveldb-library/leveldb.framework",
				"${BUILT_PRODUCTS_DIR}/nanopb/nanopb.framework",
			);
			name = "[CP] Embed Pods Frameworks";
			outputPaths = (
				"${TARGET_BUILD_DIR}/${FRAMEWORKS_FOLDER_PATH}/GTMSessionFetcher.framework",
				"${TARGET_BUILD_DIR}/${FRAMEWORKS_FOLDER_PATH}/GoogleToolboxForMac.framework",
				"${TARGET_BUILD_DIR}/${FRAMEWORKS_FOLDER_PATH}/leveldb.framework",
				"${TARGET_BUILD_DIR}/${FRAMEWORKS_FOLDER_PATH}/nanopb.framework",
			);
			runOnlyForDeploymentPostprocessing = 0;
			shellPath = /bin/sh;
			shellScript = "\"${SRCROOT}/Pods/Target Support Files/Pods-gameofchats/Pods-gameofchats-frameworks.sh\"\n";
			showEnvVarsInLog = 0;
		};
		2EA699D06117BEE2AE557F75 /* [CP] Copy Pods Resources */ = {
			isa = PBXShellScriptBuildPhase;
			buildActionMask = 2147483647;
			files = (
			);
			inputPaths = (
			);
			name = "[CP] Copy Pods Resources";
			outputPaths = (
			);
			runOnlyForDeploymentPostprocessing = 0;
			shellPath = /bin/sh;
			shellScript = "\"${SRCROOT}/Pods/Target Support Files/Pods-gameofchatsUITests/Pods-gameofchatsUITests-resources.sh\"\n";
			showEnvVarsInLog = 0;
		};
		34382E82EB4BE29345CB76CF /* [CP] Embed Pods Frameworks */ = {
			isa = PBXShellScriptBuildPhase;
			buildActionMask = 2147483647;
			files = (
			);
			inputPaths = (
			);
			name = "[CP] Embed Pods Frameworks";
			outputPaths = (
			);
			runOnlyForDeploymentPostprocessing = 0;
			shellPath = /bin/sh;
			shellScript = "\"${SRCROOT}/Pods/Target Support Files/Pods-gameofchatsTests/Pods-gameofchatsTests-frameworks.sh\"\n";
			showEnvVarsInLog = 0;
		};
		52DC15E58D80C856DDCC0A23 /* [CP] Copy Pods Resources */ = {
			isa = PBXShellScriptBuildPhase;
			buildActionMask = 2147483647;
			files = (
			);
			inputPaths = (
			);
			name = "[CP] Copy Pods Resources";
			outputPaths = (
			);
			runOnlyForDeploymentPostprocessing = 0;
			shellPath = /bin/sh;
			shellScript = "\"${SRCROOT}/Pods/Target Support Files/Pods-gameofchatsTests/Pods-gameofchatsTests-resources.sh\"\n";
			showEnvVarsInLog = 0;
		};
		5A18277A085FB636590EC41F /* [CP] Embed Pods Frameworks */ = {
			isa = PBXShellScriptBuildPhase;
			buildActionMask = 2147483647;
			files = (
			);
			inputPaths = (
			);
			name = "[CP] Embed Pods Frameworks";
			outputPaths = (
			);
			runOnlyForDeploymentPostprocessing = 0;
			shellPath = /bin/sh;
			shellScript = "\"${SRCROOT}/Pods/Target Support Files/Pods-gameofchatsUITests/Pods-gameofchatsUITests-frameworks.sh\"\n";
			showEnvVarsInLog = 0;
		};
		9C4DD6481B54E0D7C54192BB /* [CP] Check Pods Manifest.lock */ = {
			isa = PBXShellScriptBuildPhase;
			buildActionMask = 2147483647;
			files = (
			);
			inputPaths = (
				"${PODS_PODFILE_DIR_PATH}/Podfile.lock",
				"${PODS_ROOT}/Manifest.lock",
			);
			name = "[CP] Check Pods Manifest.lock";
			outputPaths = (
				"$(DERIVED_FILE_DIR)/Pods-gameofchats-checkManifestLockResult.txt",
			);
			runOnlyForDeploymentPostprocessing = 0;
			shellPath = /bin/sh;
			shellScript = "diff \"${PODS_PODFILE_DIR_PATH}/Podfile.lock\" \"${PODS_ROOT}/Manifest.lock\" > /dev/null\nif [ $? != 0 ] ; then\n    # print error to STDERR\n    echo \"error: The sandbox is not in sync with the Podfile.lock. Run 'pod install' or update your CocoaPods installation.\" >&2\n    exit 1\nfi\n# This output is used by Xcode 'outputs' to avoid re-running this script phase.\necho \"SUCCESS\" > \"${SCRIPT_OUTPUT_FILE_0}\"\n";
			showEnvVarsInLog = 0;
		};
		A8B039A73502D837F81F315D /* [CP] Copy Pods Resources */ = {
			isa = PBXShellScriptBuildPhase;
			buildActionMask = 2147483647;
			files = (
			);
			inputPaths = (
			);
			name = "[CP] Copy Pods Resources";
			outputPaths = (
			);
			runOnlyForDeploymentPostprocessing = 0;
			shellPath = /bin/sh;
			shellScript = "\"${SRCROOT}/Pods/Target Support Files/Pods-gameofchats/Pods-gameofchats-resources.sh\"\n";
			showEnvVarsInLog = 0;
		};
		B602FE8D88DE38BF341BA4EB /* [CP] Check Pods Manifest.lock */ = {
			isa = PBXShellScriptBuildPhase;
			buildActionMask = 2147483647;
			files = (
			);
			inputPaths = (
				"${PODS_PODFILE_DIR_PATH}/Podfile.lock",
				"${PODS_ROOT}/Manifest.lock",
			);
			name = "[CP] Check Pods Manifest.lock";
			outputPaths = (
				"$(DERIVED_FILE_DIR)/Pods-gameofchatsTests-checkManifestLockResult.txt",
			);
			runOnlyForDeploymentPostprocessing = 0;
			shellPath = /bin/sh;
			shellScript = "diff \"${PODS_PODFILE_DIR_PATH}/Podfile.lock\" \"${PODS_ROOT}/Manifest.lock\" > /dev/null\nif [ $? != 0 ] ; then\n    # print error to STDERR\n    echo \"error: The sandbox is not in sync with the Podfile.lock. Run 'pod install' or update your CocoaPods installation.\" >&2\n    exit 1\nfi\n# This output is used by Xcode 'outputs' to avoid re-running this script phase.\necho \"SUCCESS\" > \"${SCRIPT_OUTPUT_FILE_0}\"\n";
			showEnvVarsInLog = 0;
		};
/* End PBXShellScriptBuildPhase section */

/* Begin PBXSourcesBuildPhase section */
		41A4B86E1EBCB9FF00BDBC3C /* Sources */ = {
			isa = PBXSourcesBuildPhase;
			buildActionMask = 2147483647;
			files = (
				41D99C001FB8F2E3007BEA2A /* ChatLogController.swift in Sources */,
				41C862CA1EC2157F00FB9C03 /* AppDelegate.swift in Sources */,
				41D3A62D1EC0AE7300D6EDE6 /* NewMessageController.swift in Sources */,
				41E6F8081FBECDC60084F2C8 /* Message.swift in Sources */,
				41A4B8781EBCB9FF00BDBC3C /* MessagesController.swift in Sources */,
				41A8C5D81EC0DC9E0052499B /* LoginController+handlers.swift in Sources */,
				41A4B8A51EBCBE4D00BDBC3C /* LoginController.swift in Sources */,
				416C79381FBF46F2004E5B48 /* ChatMessageCell.swift in Sources */,
				41D3A6301EC0B95000D6EDE6 /* User.swift in Sources */,
				416C79361FBEE7BB004E5B48 /* UserCell.swift in Sources */,
				41BD88EB1FB4F26200F8ABD6 /* Extentions.swift in Sources */,
			);
			runOnlyForDeploymentPostprocessing = 0;
		};
		41A4B8821EBCB9FF00BDBC3C /* Sources */ = {
			isa = PBXSourcesBuildPhase;
			buildActionMask = 2147483647;
			files = (
				41A4B88B1EBCB9FF00BDBC3C /* gameofchatsTests.swift in Sources */,
			);
			runOnlyForDeploymentPostprocessing = 0;
		};
		41A4B88D1EBCB9FF00BDBC3C /* Sources */ = {
			isa = PBXSourcesBuildPhase;
			buildActionMask = 2147483647;
			files = (
				41A4B8961EBCB9FF00BDBC3C /* gameofchatsUITests.swift in Sources */,
			);
			runOnlyForDeploymentPostprocessing = 0;
		};
/* End PBXSourcesBuildPhase section */

/* Begin PBXTargetDependency section */
		41A4B8881EBCB9FF00BDBC3C /* PBXTargetDependency */ = {
			isa = PBXTargetDependency;
			target = 41A4B8711EBCB9FF00BDBC3C /* gameofchats */;
			targetProxy = 41A4B8871EBCB9FF00BDBC3C /* PBXContainerItemProxy */;
		};
		41A4B8931EBCB9FF00BDBC3C /* PBXTargetDependency */ = {
			isa = PBXTargetDependency;
			target = 41A4B8711EBCB9FF00BDBC3C /* gameofchats */;
			targetProxy = 41A4B8921EBCB9FF00BDBC3C /* PBXContainerItemProxy */;
		};
/* End PBXTargetDependency section */

/* Begin PBXVariantGroup section */
		41A4B8791EBCB9FF00BDBC3C /* Main.storyboard */ = {
			isa = PBXVariantGroup;
			children = (
				41A4B87A1EBCB9FF00BDBC3C /* Base */,
			);
			name = Main.storyboard;
			sourceTree = "<group>";
		};
		41A4B87E1EBCB9FF00BDBC3C /* LaunchScreen.storyboard */ = {
			isa = PBXVariantGroup;
			children = (
				41A4B87F1EBCB9FF00BDBC3C /* Base */,
			);
			name = LaunchScreen.storyboard;
			sourceTree = "<group>";
		};
/* End PBXVariantGroup section */

/* Begin XCBuildConfiguration section */
		41A4B8981EBCB9FF00BDBC3C /* Debug */ = {
			isa = XCBuildConfiguration;
			buildSettings = {
				ALWAYS_SEARCH_USER_PATHS = NO;
				CLANG_ANALYZER_NONNULL = YES;
				CLANG_ANALYZER_NUMBER_OBJECT_CONVERSION = YES_AGGRESSIVE;
				CLANG_CXX_LANGUAGE_STANDARD = "gnu++0x";
				CLANG_CXX_LIBRARY = "libc++";
				CLANG_ENABLE_MODULES = YES;
				CLANG_ENABLE_OBJC_ARC = YES;
				CLANG_WARN_BLOCK_CAPTURE_AUTORELEASING = YES;
				CLANG_WARN_BOOL_CONVERSION = YES;
				CLANG_WARN_COMMA = YES;
				CLANG_WARN_CONSTANT_CONVERSION = YES;
				CLANG_WARN_DIRECT_OBJC_ISA_USAGE = YES_ERROR;
				CLANG_WARN_DOCUMENTATION_COMMENTS = YES;
				CLANG_WARN_EMPTY_BODY = YES;
				CLANG_WARN_ENUM_CONVERSION = YES;
				CLANG_WARN_INFINITE_RECURSION = YES;
				CLANG_WARN_INT_CONVERSION = YES;
				CLANG_WARN_NON_LITERAL_NULL_CONVERSION = YES;
				CLANG_WARN_OBJC_LITERAL_CONVERSION = YES;
				CLANG_WARN_OBJC_ROOT_CLASS = YES_ERROR;
				CLANG_WARN_RANGE_LOOP_ANALYSIS = YES;
				CLANG_WARN_STRICT_PROTOTYPES = YES;
				CLANG_WARN_SUSPICIOUS_MOVE = YES;
				CLANG_WARN_UNREACHABLE_CODE = YES;
				CLANG_WARN__DUPLICATE_METHOD_MATCH = YES;
				"CODE_SIGN_IDENTITY[sdk=iphoneos*]" = "iPhone Developer";
				COPY_PHASE_STRIP = NO;
				DEBUG_INFORMATION_FORMAT = dwarf;
				ENABLE_STRICT_OBJC_MSGSEND = YES;
				ENABLE_TESTABILITY = YES;
				GCC_C_LANGUAGE_STANDARD = gnu99;
				GCC_DYNAMIC_NO_PIC = NO;
				GCC_NO_COMMON_BLOCKS = YES;
				GCC_OPTIMIZATION_LEVEL = 0;
				GCC_PREPROCESSOR_DEFINITIONS = (
					"DEBUG=1",
					"$(inherited)",
				);
				GCC_WARN_64_TO_32_BIT_CONVERSION = YES;
				GCC_WARN_ABOUT_RETURN_TYPE = YES_ERROR;
				GCC_WARN_UNDECLARED_SELECTOR = YES;
				GCC_WARN_UNINITIALIZED_AUTOS = YES_AGGRESSIVE;
				GCC_WARN_UNUSED_FUNCTION = YES;
				GCC_WARN_UNUSED_VARIABLE = YES;
				IPHONEOS_DEPLOYMENT_TARGET = 11.1;
				MTL_ENABLE_DEBUG_INFO = YES;
				ONLY_ACTIVE_ARCH = YES;
				SDKROOT = iphoneos11.1;
				SWIFT_ACTIVE_COMPILATION_CONDITIONS = DEBUG;
				SWIFT_OPTIMIZATION_LEVEL = "-Onone";
				TARGETED_DEVICE_FAMILY = "1,2";
			};
			name = Debug;
		};
		41A4B8991EBCB9FF00BDBC3C /* Release */ = {
			isa = XCBuildConfiguration;
			buildSettings = {
				ALWAYS_SEARCH_USER_PATHS = NO;
				CLANG_ANALYZER_NONNULL = YES;
				CLANG_ANALYZER_NUMBER_OBJECT_CONVERSION = YES_AGGRESSIVE;
				CLANG_CXX_LANGUAGE_STANDARD = "gnu++0x";
				CLANG_CXX_LIBRARY = "libc++";
				CLANG_ENABLE_MODULES = YES;
				CLANG_ENABLE_OBJC_ARC = YES;
				CLANG_WARN_BLOCK_CAPTURE_AUTORELEASING = YES;
				CLANG_WARN_BOOL_CONVERSION = YES;
				CLANG_WARN_COMMA = YES;
				CLANG_WARN_CONSTANT_CONVERSION = YES;
				CLANG_WARN_DIRECT_OBJC_ISA_USAGE = YES_ERROR;
				CLANG_WARN_DOCUMENTATION_COMMENTS = YES;
				CLANG_WARN_EMPTY_BODY = YES;
				CLANG_WARN_ENUM_CONVERSION = YES;
				CLANG_WARN_INFINITE_RECURSION = YES;
				CLANG_WARN_INT_CONVERSION = YES;
				CLANG_WARN_NON_LITERAL_NULL_CONVERSION = YES;
				CLANG_WARN_OBJC_LITERAL_CONVERSION = YES;
				CLANG_WARN_OBJC_ROOT_CLASS = YES_ERROR;
				CLANG_WARN_RANGE_LOOP_ANALYSIS = YES;
				CLANG_WARN_STRICT_PROTOTYPES = YES;
				CLANG_WARN_SUSPICIOUS_MOVE = YES;
				CLANG_WARN_UNREACHABLE_CODE = YES;
				CLANG_WARN__DUPLICATE_METHOD_MATCH = YES;
				"CODE_SIGN_IDENTITY[sdk=iphoneos*]" = "iPhone Developer";
				COPY_PHASE_STRIP = NO;
				DEBUG_INFORMATION_FORMAT = "dwarf-with-dsym";
				ENABLE_NS_ASSERTIONS = NO;
				ENABLE_STRICT_OBJC_MSGSEND = YES;
				GCC_C_LANGUAGE_STANDARD = gnu99;
				GCC_NO_COMMON_BLOCKS = YES;
				GCC_WARN_64_TO_32_BIT_CONVERSION = YES;
				GCC_WARN_ABOUT_RETURN_TYPE = YES_ERROR;
				GCC_WARN_UNDECLARED_SELECTOR = YES;
				GCC_WARN_UNINITIALIZED_AUTOS = YES_AGGRESSIVE;
				GCC_WARN_UNUSED_FUNCTION = YES;
				GCC_WARN_UNUSED_VARIABLE = YES;
				IPHONEOS_DEPLOYMENT_TARGET = 11.1;
				MTL_ENABLE_DEBUG_INFO = NO;
				SDKROOT = iphoneos11.1;
				SWIFT_OPTIMIZATION_LEVEL = "-Owholemodule";
				TARGETED_DEVICE_FAMILY = "1,2";
				VALIDATE_PRODUCT = YES;
			};
			name = Release;
		};
		41A4B89B1EBCB9FF00BDBC3C /* Debug */ = {
			isa = XCBuildConfiguration;
			baseConfigurationReference = FE18A3AB6703C1D6FEC5D9C9 /* Pods-gameofchats.debug.xcconfig */;
			buildSettings = {
				ASSETCATALOG_COMPILER_APPICON_NAME = AppIcon;
				DEVELOPMENT_TEAM = HC3DW36LFK;
				INFOPLIST_FILE = gameofchats/Info.plist;
				IPHONEOS_DEPLOYMENT_TARGET = 11.1;
				LD_RUNPATH_SEARCH_PATHS = "$(inherited) @executable_path/Frameworks";
				PRODUCT_BUNDLE_IDENTIFIER = vegopunk.gameofchats;
				PRODUCT_NAME = "$(TARGET_NAME)";
				SWIFT_SWIFT3_OBJC_INFERENCE = On;
				SWIFT_VERSION = 4.0;
			};
			name = Debug;
		};
		41A4B89C1EBCB9FF00BDBC3C /* Release */ = {
			isa = XCBuildConfiguration;
			baseConfigurationReference = 27F0B9242204D0D758F17F16 /* Pods-gameofchats.release.xcconfig */;
			buildSettings = {
				ASSETCATALOG_COMPILER_APPICON_NAME = AppIcon;
				DEVELOPMENT_TEAM = HC3DW36LFK;
				INFOPLIST_FILE = gameofchats/Info.plist;
				IPHONEOS_DEPLOYMENT_TARGET = 11.1;
				LD_RUNPATH_SEARCH_PATHS = "$(inherited) @executable_path/Frameworks";
				PRODUCT_BUNDLE_IDENTIFIER = vegopunk.gameofchats;
				PRODUCT_NAME = "$(TARGET_NAME)";
				SWIFT_SWIFT3_OBJC_INFERENCE = On;
				SWIFT_VERSION = 4.0;
			};
			name = Release;
		};
		41A4B89E1EBCB9FF00BDBC3C /* Debug */ = {
			isa = XCBuildConfiguration;
			baseConfigurationReference = 70B2141347F84E5D0CD2C01C /* Pods-gameofchatsTests.debug.xcconfig */;
			buildSettings = {
				ALWAYS_EMBED_SWIFT_STANDARD_LIBRARIES = YES;
				BUNDLE_LOADER = "$(TEST_HOST)";
				INFOPLIST_FILE = gameofchatsTests/Info.plist;
				LD_RUNPATH_SEARCH_PATHS = "$(inherited) @executable_path/Frameworks @loader_path/Frameworks";
				PRODUCT_BUNDLE_IDENTIFIER = vegopunk.gameofchatsTests;
				PRODUCT_NAME = "$(TARGET_NAME)";
				SWIFT_SWIFT3_OBJC_INFERENCE = On;
				SWIFT_VERSION = 4.0;
				TEST_HOST = "$(BUILT_PRODUCTS_DIR)/gameofchats.app/gameofchats";
			};
			name = Debug;
		};
		41A4B89F1EBCB9FF00BDBC3C /* Release */ = {
			isa = XCBuildConfiguration;
			baseConfigurationReference = 86FE97A99A526A0B88454A44 /* Pods-gameofchatsTests.release.xcconfig */;
			buildSettings = {
				ALWAYS_EMBED_SWIFT_STANDARD_LIBRARIES = YES;
				BUNDLE_LOADER = "$(TEST_HOST)";
				INFOPLIST_FILE = gameofchatsTests/Info.plist;
				LD_RUNPATH_SEARCH_PATHS = "$(inherited) @executable_path/Frameworks @loader_path/Frameworks";
				PRODUCT_BUNDLE_IDENTIFIER = vegopunk.gameofchatsTests;
				PRODUCT_NAME = "$(TARGET_NAME)";
				SWIFT_SWIFT3_OBJC_INFERENCE = On;
				SWIFT_VERSION = 4.0;
				TEST_HOST = "$(BUILT_PRODUCTS_DIR)/gameofchats.app/gameofchats";
			};
			name = Release;
		};
		41A4B8A11EBCB9FF00BDBC3C /* Debug */ = {
			isa = XCBuildConfiguration;
			baseConfigurationReference = 714925379771DA4FEBAF12AB /* Pods-gameofchatsUITests.debug.xcconfig */;
			buildSettings = {
				ALWAYS_EMBED_SWIFT_STANDARD_LIBRARIES = YES;
				INFOPLIST_FILE = gameofchatsUITests/Info.plist;
				LD_RUNPATH_SEARCH_PATHS = "$(inherited) @executable_path/Frameworks @loader_path/Frameworks";
				PRODUCT_BUNDLE_IDENTIFIER = vegopunk.gameofchatsUITests;
				PRODUCT_NAME = "$(TARGET_NAME)";
				SWIFT_SWIFT3_OBJC_INFERENCE = On;
				SWIFT_VERSION = 4.0;
				TEST_TARGET_NAME = gameofchats;
			};
			name = Debug;
		};
		41A4B8A21EBCB9FF00BDBC3C /* Release */ = {
			isa = XCBuildConfiguration;
			baseConfigurationReference = E9BA07A9B0D82BCAD94444E0 /* Pods-gameofchatsUITests.release.xcconfig */;
			buildSettings = {
				ALWAYS_EMBED_SWIFT_STANDARD_LIBRARIES = YES;
				INFOPLIST_FILE = gameofchatsUITests/Info.plist;
				LD_RUNPATH_SEARCH_PATHS = "$(inherited) @executable_path/Frameworks @loader_path/Frameworks";
				PRODUCT_BUNDLE_IDENTIFIER = vegopunk.gameofchatsUITests;
				PRODUCT_NAME = "$(TARGET_NAME)";
				SWIFT_SWIFT3_OBJC_INFERENCE = On;
				SWIFT_VERSION = 4.0;
				TEST_TARGET_NAME = gameofchats;
			};
			name = Release;
		};
/* End XCBuildConfiguration section */

/* Begin XCConfigurationList section */
		41A4B86D1EBCB9FF00BDBC3C /* Build configuration list for PBXProject "gameofchats" */ = {
			isa = XCConfigurationList;
			buildConfigurations = (
				41A4B8981EBCB9FF00BDBC3C /* Debug */,
				41A4B8991EBCB9FF00BDBC3C /* Release */,
			);
			defaultConfigurationIsVisible = 0;
			defaultConfigurationName = Release;
		};
		41A4B89A1EBCB9FF00BDBC3C /* Build configuration list for PBXNativeTarget "gameofchats" */ = {
			isa = XCConfigurationList;
			buildConfigurations = (
				41A4B89B1EBCB9FF00BDBC3C /* Debug */,
				41A4B89C1EBCB9FF00BDBC3C /* Release */,
			);
			defaultConfigurationIsVisible = 0;
			defaultConfigurationName = Release;
		};
		41A4B89D1EBCB9FF00BDBC3C /* Build configuration list for PBXNativeTarget "gameofchatsTests" */ = {
			isa = XCConfigurationList;
			buildConfigurations = (
				41A4B89E1EBCB9FF00BDBC3C /* Debug */,
				41A4B89F1EBCB9FF00BDBC3C /* Release */,
			);
			defaultConfigurationIsVisible = 0;
			defaultConfigurationName = Release;
		};
		41A4B8A01EBCB9FF00BDBC3C /* Build configuration list for PBXNativeTarget "gameofchatsUITests" */ = {
			isa = XCConfigurationList;
			buildConfigurations = (
				41A4B8A11EBCB9FF00BDBC3C /* Debug */,
				41A4B8A21EBCB9FF00BDBC3C /* Release */,
			);
			defaultConfigurationIsVisible = 0;
			defaultConfigurationName = Release;
		};
/* End XCConfigurationList section */
	};
	rootObject = 41A4B86A1EBCB9FF00BDBC3C /* Project object */;
}
